
Microsoft Visual Studio Solution File, Format Version 12.00
# Visual Studio Version 17
VisualStudioVersion = 17.1.32319.34
MinimumVisualStudioVersion = 10.0.40219.1
Project("{9A19103F-16F7-4668-BE54-9A1E7A4F7556}") = "Media.API", "Media.API\Media.API.csproj", "{CDB073B0-8D33-4B38-A1AD-A65BF0B9D19F}"
EndProject
Project("{E53339B2-1760-4266-BCC7-CA923CBCF16C}") = "docker-compose", "docker-compose.dcproj", "{BE058426-6201-4374-A4A2-8E26EB20AE78}"
EndProject
Project("{FAE04EC0-301F-11D3-BF4B-00C04F79EFBC}") = "Media.DBContext", "Media.DBContext\Media.DBContext.csproj", "{50405A0E-AF7D-470B-AF3D-519AA4257F9F}"
EndProject
Global
	GlobalSection(SolutionConfigurationPlatforms) = preSolution
		Debug|Any CPU = Debug|Any CPU
		Release|Any CPU = Release|Any CPU
	EndGlobalSection
	GlobalSection(ProjectConfigurationPlatforms) = postSolution
		{CDB073B0-8D33-4B38-A1AD-A65BF0B9D19F}.Debug|Any CPU.ActiveCfg = Debug|Any CPU
		{CDB073B0-8D33-4B38-A1AD-A65BF0B9D19F}.Debug|Any CPU.Build.0 = Debug|Any CPU
		{CDB073B0-8D33-4B38-A1AD-A65BF0B9D19F}.Release|Any CPU.ActiveCfg = Release|Any CPU
		{CDB073B0-8D33-4B38-A1AD-A65BF0B9D19F}.Release|Any CPU.Build.0 = Release|Any CPU
		{BE058426-6201-4374-A4A2-8E26EB20AE78}.Debug|Any CPU.ActiveCfg = Debug|Any CPU
		{BE058426-6201-4374-A4A2-8E26EB20AE78}.Debug|Any CPU.Build.0 = Debug|Any CPU
		{BE058426-6201-4374-A4A2-8E26EB20AE78}.Release|Any CPU.ActiveCfg = Release|Any CPU
		{BE058426-6201-4374-A4A2-8E26EB20AE78}.Release|Any CPU.Build.0 = Release|Any CPU
		{50405A0E-AF7D-470B-AF3D-519AA4257F9F}.Debug|Any CPU.ActiveCfg = Debug|Any CPU
		{50405A0E-AF7D-470B-AF3D-519AA4257F9F}.Debug|Any CPU.Build.0 = Debug|Any CPU
		{50405A0E-AF7D-470B-AF3D-519AA4257F9F}.Release|Any CPU.ActiveCfg = Release|Any CPU
		{50405A0E-AF7D-470B-AF3D-519AA4257F9F}.Release|Any CPU.Build.0 = Release|Any CPU
	EndGlobalSection
	GlobalSection(SolutionProperties) = preSolution
		HideSolutionNode = FALSE
	EndGlobalSection
	GlobalSection(ExtensibilityGlobals) = postSolution
		SolutionGuid = {616D718D-CDAC-41E9-9CFD-801479FF13F5}
	EndGlobalSection
EndGlobal
